{
  "name": "main_nodejs",
  "version": "1.0.0",
  "lockfileVersion": 3,
  "requires": true,
  "packages": {
    "": {
      "name": "main_nodejs",
      "version": "1.0.0",
      "dependencies": {
        "main_nodejs": "file:",
        "ten-runtime-nodejs": "file:/app/agents/ten_packages/system/ten_runtime_nodejs"
      },
      "devDependencies": {
        "typescript": "^5.7.2"
      }
    },
    "../../../../../ten_packages/system/ten_runtime_nodejs": {
      "name": "ten-runtime-nodejs",
      "version": "0.0.1",
      "devDependencies": {
        "@types/node": "^18.19.112",
        "source-map-support": "^0.5.21",
        "typescript": "^5.8.3"
      }
    },
    "../../../../ten_packages/ten_runtime_nodejs": {
      "extraneous": true
    },
    "../../../system/ten_runtime_nodejs": {
      "extraneous": true
    },
    "../../system/ten_runtime_nodejs": {
      "extraneous": true
    },
    "../../ten_runtime_nodejs": {
      "extraneous": true
    },
    "node_modules/main_nodejs": {
      "resolved": "",
      "link": true
    },
    "node_modules/ten-runtime-nodejs": {
      "resolved": "../../../../../ten_packages/system/ten_runtime_nodejs",
      "link": true
    },
    "node_modules/typescript": {
      "version": "5.9.2",
      "dev": true,
      "license": "Apache-2.0",
      "bin": {
        "tsc": "bin/tsc",
        "tsserver": "bin/tsserver"
      },
      "engines": {
        "node": ">=14.17"
      }
    }
  }
}
